// !$*UTF8*$!
{
	archiveVersion = 1;
	classes = {
	};
	objectVersion = 50;
	objects = {

/* Begin PBXBuildFile section */
		08B2307439080A7E7EEB10E7 /* PhotoModel.swift in Sources */ = {isa = PBXBuildFile; fileRef = 8EA53D5B8CF31EB8D71768E6 /* PhotoModel.swift */; };
		214453ED4D5E1EC7E9269D60 /* Assets+KakaoInsuranceAssignment.swift in Sources */ = {isa = PBXBuildFile; fileRef = 50DF4E2465F9E99BF8AFD552 /* Assets+KakaoInsuranceAssignment.swift */; };
		21D84582D49DF18EBF4297E5 /* NetworkService.swift in Sources */ = {isa = PBXBuildFile; fileRef = A4A99F547D8381A8771E68D3 /* NetworkService.swift */; };
		374D92E2A126B77CE3805418 /* MainViewController.swift in Sources */ = {isa = PBXBuildFile; fileRef = 8CCB05E99752113199278C51 /* MainViewController.swift */; };
		39BE659C071DADDE3F382836 /* Bundle+KakaoInsuranceAssignment.swift in Sources */ = {isa = PBXBuildFile; fileRef = DB352BBEC5F9788924EFE984 /* Bundle+KakaoInsuranceAssignment.swift */; };
		3AE3E2CEF0DD476864D60906 /* PhotoViewModel.swift in Sources */ = {isa = PBXBuildFile; fileRef = B9E3A97F2E3B20A866DF4F29 /* PhotoViewModel.swift */; };
		4320A2DBC663EC0E103AEE2A /* AppTests.swift in Sources */ = {isa = PBXBuildFile; fileRef = 15DB9C04EB2CC5C775A18F6F /* AppTests.swift */; };
		4D8CB61F9E63D16F635021DB /* Kingfisher.framework in Frameworks */ = {isa = PBXBuildFile; fileRef = B1D6B092EC933CEC6AC4E0F9 /* Kingfisher.framework */; platformFilter = ios; };
		5925E3B11ED671F5CC64354E /* ImageOperation.swift in Sources */ = {isa = PBXBuildFile; fileRef = 2ABF627C462A5E97AD4D0F86 /* ImageOperation.swift */; };
		5E4E19EB408245A3CA04E118 /* RxSwift.framework in Frameworks */ = {isa = PBXBuildFile; fileRef = 9F135657EC2C47C183C10417 /* RxSwift.framework */; platformFilter = ios; };
		84A82736F6B4FE74B66ADA99 /* AsyncOperation.swift in Sources */ = {isa = PBXBuildFile; fileRef = D33273C8DC66748C5DAC4934 /* AsyncOperation.swift */; };
		A6D7DA4967F675E1B75AB049 /* AppDelegate.swift in Sources */ = {isa = PBXBuildFile; fileRef = BEE42649D91C638827146133 /* AppDelegate.swift */; };
		AC860181A804F4CFE366F0D1 /* RxRelay.framework in Embed Frameworks */ = {isa = PBXBuildFile; fileRef = 5EE999C3304F2BC2FD03468D /* RxRelay.framework */; platformFilter = ios; settings = {ATTRIBUTES = (CodeSignOnCopy, RemoveHeadersOnCopy, ); }; };
		AFD6BC768495122655646005 /* LaunchScreen.storyboard in Resources */ = {isa = PBXBuildFile; fileRef = 2C1B1C31F544CA8DAFFA86EE /* LaunchScreen.storyboard */; };
		B95D1D37A4E02DF3893A256C /* RxCocoaRuntime.framework in Embed Frameworks */ = {isa = PBXBuildFile; fileRef = 733A8DEC0545EDF3C6DA4B93 /* RxCocoaRuntime.framework */; platformFilter = ios; settings = {ATTRIBUTES = (CodeSignOnCopy, RemoveHeadersOnCopy, ); }; };
		BC846C67F5BE32ACCFA4F564 /* Asset.xcassets in Resources */ = {isa = PBXBuildFile; fileRef = 0A1287CD07C6103EE2671029 /* Asset.xcassets */; };
		BCFC3E57AA94CAA5799068D1 /* ImageViewerCell.swift in Sources */ = {isa = PBXBuildFile; fileRef = 57B0C8E496C60D14B4A4E2D5 /* ImageViewerCell.swift */; };
		C07C26165C49EFB22A4AEF11 /* PhotoCell.swift in Sources */ = {isa = PBXBuildFile; fileRef = 6300FE4C0FD709D3B4710714 /* PhotoCell.swift */; };
		D6941417CCBEA84F01A2DA41 /* ImageProvider.swift in Sources */ = {isa = PBXBuildFile; fileRef = 048146848207A6871CEEE78A /* ImageProvider.swift */; };
		D8516FA427CE1A47594BD17E /* RxAppState.framework in Frameworks */ = {isa = PBXBuildFile; fileRef = E8309998E1E3B45DD8798CF1 /* RxAppState.framework */; platformFilter = ios; };
		DC18021E8B13E766FE7199FB /* RxSwift.framework in Embed Frameworks */ = {isa = PBXBuildFile; fileRef = 9F135657EC2C47C183C10417 /* RxSwift.framework */; platformFilter = ios; settings = {ATTRIBUTES = (CodeSignOnCopy, RemoveHeadersOnCopy, ); }; };
		DE3E4F509B90A2CEED4A8515 /* RxCocoa.framework in Embed Frameworks */ = {isa = PBXBuildFile; fileRef = E7B68AC15B30D30BA4CB8DB0 /* RxCocoa.framework */; platformFilter = ios; settings = {ATTRIBUTES = (CodeSignOnCopy, RemoveHeadersOnCopy, ); }; };
		E77FC83D64FAE299A97572D2 /* RxCocoa.framework in Frameworks */ = {isa = PBXBuildFile; fileRef = E7B68AC15B30D30BA4CB8DB0 /* RxCocoa.framework */; platformFilter = ios; };
		E9DB04ECB9EF0B5713CE6644 /* ImageViewerController.swift in Sources */ = {isa = PBXBuildFile; fileRef = 8A9B688A93C2CCA3BEEF3F7C /* ImageViewerController.swift */; };
		F47D6C46CC884FEEFFCE6292 /* PhotoListViewModel.swift in Sources */ = {isa = PBXBuildFile; fileRef = 6D7074F7EB6549A933D35751 /* PhotoListViewModel.swift */; };
/* End PBXBuildFile section */

/* Begin PBXContainerItemProxy section */
		678BB7DEE76F22EB8722227A /* PBXContainerItemProxy */ = {
			isa = PBXContainerItemProxy;
			containerPortal = 4FCB75016A47DBFCAF08648C /* Project object */;
			proxyType = 1;
			remoteGlobalIDString = 881AC498288B19D65DAF419C;
			remoteInfo = KakaoInsuranceAssignment;
		};
/* End PBXContainerItemProxy section */

/* Begin PBXCopyFilesBuildPhase section */
		040DC8B2AC70C25359426D5B /* Embed Frameworks */ = {
			isa = PBXCopyFilesBuildPhase;
			buildActionMask = 2147483647;
			dstPath = "";
			dstSubfolderSpec = 10;
			files = (
				DE3E4F509B90A2CEED4A8515 /* RxCocoa.framework in Embed Frameworks */,
				B95D1D37A4E02DF3893A256C /* RxCocoaRuntime.framework in Embed Frameworks */,
				AC860181A804F4CFE366F0D1 /* RxRelay.framework in Embed Frameworks */,
				DC18021E8B13E766FE7199FB /* RxSwift.framework in Embed Frameworks */,
			);
			name = "Embed Frameworks";
			runOnlyForDeploymentPostprocessing = 0;
		};
		6B3E5EEDB3A6F27DD87A2282 /* Embed Frameworks */ = {
			isa = PBXCopyFilesBuildPhase;
			buildActionMask = 2147483647;
			dstPath = "";
			dstSubfolderSpec = 10;
			files = (
			);
			name = "Embed Frameworks";
			runOnlyForDeploymentPostprocessing = 0;
		};
/* End PBXCopyFilesBuildPhase section */

/* Begin PBXFileReference section */
		048146848207A6871CEEE78A /* ImageProvider.swift */ = {isa = PBXFileReference; lastKnownFileType = sourcecode.swift; path = ImageProvider.swift; sourceTree = "<group>"; };
		0A1287CD07C6103EE2671029 /* Asset.xcassets */ = {isa = PBXFileReference; lastKnownFileType = folder.assetcatalog; path = Asset.xcassets; sourceTree = "<group>"; };
		15348328C06D0A76C770C455 /* KakaoInsuranceAssignment.app */ = {isa = PBXFileReference; explicitFileType = wrapper.application; includeInIndex = 0; path = KakaoInsuranceAssignment.app; sourceTree = BUILT_PRODUCTS_DIR; };
		15DB9C04EB2CC5C775A18F6F /* AppTests.swift */ = {isa = PBXFileReference; lastKnownFileType = sourcecode.swift; path = AppTests.swift; sourceTree = "<group>"; };
		2ABF627C462A5E97AD4D0F86 /* ImageOperation.swift */ = {isa = PBXFileReference; lastKnownFileType = sourcecode.swift; path = ImageOperation.swift; sourceTree = "<group>"; };
		2C1B1C31F544CA8DAFFA86EE /* LaunchScreen.storyboard */ = {isa = PBXFileReference; lastKnownFileType = file.storyboard; path = LaunchScreen.storyboard; sourceTree = "<group>"; };
		33251AA0CFE039AF11EC5E9A /* KakaoInsuranceAssignmentTests.plist */ = {isa = PBXFileReference; lastKnownFileType = text.plist; path = KakaoInsuranceAssignmentTests.plist; sourceTree = "<group>"; };
		50DF4E2465F9E99BF8AFD552 /* Assets+KakaoInsuranceAssignment.swift */ = {isa = PBXFileReference; lastKnownFileType = sourcecode.swift; path = "Assets+KakaoInsuranceAssignment.swift"; sourceTree = "<group>"; };
		53C577B2693D35AE97208C67 /* KakaoInsuranceAssignment.plist */ = {isa = PBXFileReference; lastKnownFileType = text.plist; path = KakaoInsuranceAssignment.plist; sourceTree = "<group>"; };
		57B0C8E496C60D14B4A4E2D5 /* ImageViewerCell.swift */ = {isa = PBXFileReference; lastKnownFileType = sourcecode.swift; path = ImageViewerCell.swift; sourceTree = "<group>"; };
		5EE999C3304F2BC2FD03468D /* RxRelay.framework */ = {isa = PBXFileReference; explicitFileType = wrapper.framework; includeInIndex = 0; path = RxRelay.framework; sourceTree = BUILT_PRODUCTS_DIR; };
		6300FE4C0FD709D3B4710714 /* PhotoCell.swift */ = {isa = PBXFileReference; lastKnownFileType = sourcecode.swift; path = PhotoCell.swift; sourceTree = "<group>"; };
		6D7074F7EB6549A933D35751 /* PhotoListViewModel.swift */ = {isa = PBXFileReference; lastKnownFileType = sourcecode.swift; path = PhotoListViewModel.swift; sourceTree = "<group>"; };
		733A8DEC0545EDF3C6DA4B93 /* RxCocoaRuntime.framework */ = {isa = PBXFileReference; explicitFileType = wrapper.framework; includeInIndex = 0; path = RxCocoaRuntime.framework; sourceTree = BUILT_PRODUCTS_DIR; };
		8A9B688A93C2CCA3BEEF3F7C /* ImageViewerController.swift */ = {isa = PBXFileReference; lastKnownFileType = sourcecode.swift; path = ImageViewerController.swift; sourceTree = "<group>"; };
		8CCB05E99752113199278C51 /* MainViewController.swift */ = {isa = PBXFileReference; lastKnownFileType = sourcecode.swift; path = MainViewController.swift; sourceTree = "<group>"; };
		8EA53D5B8CF31EB8D71768E6 /* PhotoModel.swift */ = {isa = PBXFileReference; lastKnownFileType = sourcecode.swift; path = PhotoModel.swift; sourceTree = "<group>"; };
		9F135657EC2C47C183C10417 /* RxSwift.framework */ = {isa = PBXFileReference; explicitFileType = wrapper.framework; includeInIndex = 0; path = RxSwift.framework; sourceTree = BUILT_PRODUCTS_DIR; };
		A4A99F547D8381A8771E68D3 /* NetworkService.swift */ = {isa = PBXFileReference; lastKnownFileType = sourcecode.swift; path = NetworkService.swift; sourceTree = "<group>"; };
		B1D6B092EC933CEC6AC4E0F9 /* Kingfisher.framework */ = {isa = PBXFileReference; explicitFileType = wrapper.framework; includeInIndex = 0; path = Kingfisher.framework; sourceTree = BUILT_PRODUCTS_DIR; };
		B9E3A97F2E3B20A866DF4F29 /* PhotoViewModel.swift */ = {isa = PBXFileReference; lastKnownFileType = sourcecode.swift; path = PhotoViewModel.swift; sourceTree = "<group>"; };
		BEE42649D91C638827146133 /* AppDelegate.swift */ = {isa = PBXFileReference; lastKnownFileType = sourcecode.swift; path = AppDelegate.swift; sourceTree = "<group>"; };
		D33273C8DC66748C5DAC4934 /* AsyncOperation.swift */ = {isa = PBXFileReference; lastKnownFileType = sourcecode.swift; path = AsyncOperation.swift; sourceTree = "<group>"; };
		DB352BBEC5F9788924EFE984 /* Bundle+KakaoInsuranceAssignment.swift */ = {isa = PBXFileReference; lastKnownFileType = sourcecode.swift; path = "Bundle+KakaoInsuranceAssignment.swift"; sourceTree = "<group>"; };
		E7B68AC15B30D30BA4CB8DB0 /* RxCocoa.framework */ = {isa = PBXFileReference; explicitFileType = wrapper.framework; includeInIndex = 0; path = RxCocoa.framework; sourceTree = BUILT_PRODUCTS_DIR; };
		E8309998E1E3B45DD8798CF1 /* RxAppState.framework */ = {isa = PBXFileReference; explicitFileType = wrapper.framework; includeInIndex = 0; path = RxAppState.framework; sourceTree = BUILT_PRODUCTS_DIR; };
		FB354E4D93F7343F18F0A295 /* KakaoInsuranceAssignmentTests.xctest */ = {isa = PBXFileReference; explicitFileType = wrapper.cfbundle; includeInIndex = 0; path = KakaoInsuranceAssignmentTests.xctest; sourceTree = BUILT_PRODUCTS_DIR; };
/* End PBXFileReference section */

/* Begin PBXFrameworksBuildPhase section */
		5425F9AD002172CCF5A64711 /* Frameworks */ = {
			isa = PBXFrameworksBuildPhase;
			buildActionMask = 2147483647;
			files = (
			);
			runOnlyForDeploymentPostprocessing = 0;
		};
		6E48C93CA3FF5A8FF2EE7567 /* Frameworks */ = {
			isa = PBXFrameworksBuildPhase;
			buildActionMask = 2147483647;
			files = (
				4D8CB61F9E63D16F635021DB /* Kingfisher.framework in Frameworks */,
				D8516FA427CE1A47594BD17E /* RxAppState.framework in Frameworks */,
				E77FC83D64FAE299A97572D2 /* RxCocoa.framework in Frameworks */,
				5E4E19EB408245A3CA04E118 /* RxSwift.framework in Frameworks */,
			);
			runOnlyForDeploymentPostprocessing = 0;
		};
/* End PBXFrameworksBuildPhase section */

/* Begin PBXGroup section */
		032E68AF64EA5A3398A48685 /* Operation */ = {
			isa = PBXGroup;
			children = (
				D33273C8DC66748C5DAC4934 /* AsyncOperation.swift */,
				2ABF627C462A5E97AD4D0F86 /* ImageOperation.swift */,
				048146848207A6871CEEE78A /* ImageProvider.swift */,
			);
			path = Operation;
			sourceTree = "<group>";
		};
		1C5253119CBE0928E5A81886 /* Views */ = {
			isa = PBXGroup;
			children = (
				57B0C8E496C60D14B4A4E2D5 /* ImageViewerCell.swift */,
				6300FE4C0FD709D3B4710714 /* PhotoCell.swift */,
			);
			path = Views;
			sourceTree = "<group>";
		};
		36153B68BF08B11E62985447 /* Targets */ = {
			isa = PBXGroup;
			children = (
				D3B5BFE1806DFE47DC9C693A /* KakaoInsuranceAssignment */,
			);
			path = Targets;
			sourceTree = "<group>";
		};
		42FF994F01130953FA112E97 /* Frameworks */ = {
			isa = PBXGroup;
			children = (
			);
			name = Frameworks;
			sourceTree = "<group>";
		};
		45CA0DE4A2BEE78CEAAA32AC /* Tests */ = {
			isa = PBXGroup;
			children = (
				15DB9C04EB2CC5C775A18F6F /* AppTests.swift */,
			);
			path = Tests;
			sourceTree = "<group>";
		};
		47BAE15BE76721A165C1C083 /* Network */ = {
			isa = PBXGroup;
			children = (
				A4A99F547D8381A8771E68D3 /* NetworkService.swift */,
			);
			path = Network;
			sourceTree = "<group>";
		};
		52CF90689B81D25BBD70F473 /* Model */ = {
			isa = PBXGroup;
			children = (
				8EA53D5B8CF31EB8D71768E6 /* PhotoModel.swift */,
			);
			path = Model;
			sourceTree = "<group>";
		};
		5C50FB0F02300CA3D8FAD8D1 /* Derived */ = {
			isa = PBXGroup;
			children = (
				CA12BEE85032B4B5519AB72A /* InfoPlists */,
				D958CC7BD16191C269FC22F1 /* Sources */,
			);
			path = Derived;
			sourceTree = "<group>";
		};
		7232E63EFDDF0E4D82DE6F8C /* Resources */ = {
			isa = PBXGroup;
			children = (
				0A1287CD07C6103EE2671029 /* Asset.xcassets */,
				2C1B1C31F544CA8DAFFA86EE /* LaunchScreen.storyboard */,
			);
			path = Resources;
			sourceTree = "<group>";
		};
		78C756B9BBFC03A53851D7F4 /* ViewControllers */ = {
			isa = PBXGroup;
			children = (
				8A9B688A93C2CCA3BEEF3F7C /* ImageViewerController.swift */,
				8CCB05E99752113199278C51 /* MainViewController.swift */,
			);
			path = ViewControllers;
			sourceTree = "<group>";
		};
		B8BDF2034CFABC1FCC7BA509 /* ViewModel */ = {
			isa = PBXGroup;
			children = (
				6D7074F7EB6549A933D35751 /* PhotoListViewModel.swift */,
				B9E3A97F2E3B20A866DF4F29 /* PhotoViewModel.swift */,
			);
			path = ViewModel;
			sourceTree = "<group>";
		};
		C94D3CB584B71BF41D0163D0 /* Extensions */ = {
			isa = PBXGroup;
			children = (
				032E68AF64EA5A3398A48685 /* Operation */,
			);
			path = Extensions;
			sourceTree = "<group>";
		};
		CA12BEE85032B4B5519AB72A /* InfoPlists */ = {
			isa = PBXGroup;
			children = (
				53C577B2693D35AE97208C67 /* KakaoInsuranceAssignment.plist */,
				33251AA0CFE039AF11EC5E9A /* KakaoInsuranceAssignmentTests.plist */,
			);
			path = InfoPlists;
			sourceTree = "<group>";
		};
		D333E22C06F1C8A8A4557C4E /* Products */ = {
			isa = PBXGroup;
			children = (
				15348328C06D0A76C770C455 /* KakaoInsuranceAssignment.app */,
				FB354E4D93F7343F18F0A295 /* KakaoInsuranceAssignmentTests.xctest */,
				B1D6B092EC933CEC6AC4E0F9 /* Kingfisher.framework */,
				E8309998E1E3B45DD8798CF1 /* RxAppState.framework */,
				E7B68AC15B30D30BA4CB8DB0 /* RxCocoa.framework */,
				733A8DEC0545EDF3C6DA4B93 /* RxCocoaRuntime.framework */,
				5EE999C3304F2BC2FD03468D /* RxRelay.framework */,
				9F135657EC2C47C183C10417 /* RxSwift.framework */,
			);
			name = Products;
			sourceTree = "<group>";
		};
		D3B5BFE1806DFE47DC9C693A /* KakaoInsuranceAssignment */ = {
			isa = PBXGroup;
			children = (
				7232E63EFDDF0E4D82DE6F8C /* Resources */,
				E55798783DB0C0EFB6A4801B /* Sources */,
				45CA0DE4A2BEE78CEAAA32AC /* Tests */,
			);
			path = KakaoInsuranceAssignment;
			sourceTree = "<group>";
		};
		D3C19934EE48418A6E75D6AA = {
			isa = PBXGroup;
			children = (
				E9493E79E13AF98917D48B84 /* Project */,
				42FF994F01130953FA112E97 /* Frameworks */,
				D333E22C06F1C8A8A4557C4E /* Products */,
			);
			sourceTree = "<group>";
		};
		D958CC7BD16191C269FC22F1 /* Sources */ = {
			isa = PBXGroup;
			children = (
				50DF4E2465F9E99BF8AFD552 /* Assets+KakaoInsuranceAssignment.swift */,
				DB352BBEC5F9788924EFE984 /* Bundle+KakaoInsuranceAssignment.swift */,
			);
			path = Sources;
			sourceTree = "<group>";
		};
		E55798783DB0C0EFB6A4801B /* Sources */ = {
			isa = PBXGroup;
			children = (
				C94D3CB584B71BF41D0163D0 /* Extensions */,
				52CF90689B81D25BBD70F473 /* Model */,
				47BAE15BE76721A165C1C083 /* Network */,
				78C756B9BBFC03A53851D7F4 /* ViewControllers */,
				B8BDF2034CFABC1FCC7BA509 /* ViewModel */,
				1C5253119CBE0928E5A81886 /* Views */,
				BEE42649D91C638827146133 /* AppDelegate.swift */,
			);
			path = Sources;
			sourceTree = "<group>";
		};
		E9493E79E13AF98917D48B84 /* Project */ = {
			isa = PBXGroup;
			children = (
				5C50FB0F02300CA3D8FAD8D1 /* Derived */,
				36153B68BF08B11E62985447 /* Targets */,
			);
			name = Project;
			sourceTree = "<group>";
		};
/* End PBXGroup section */

/* Begin PBXNativeTarget section */
		6C4F6254F520FE72CA49AFA8 /* KakaoInsuranceAssignmentTests */ = {
			isa = PBXNativeTarget;
			buildConfigurationList = 847D568DC68392E87B1AB479 /* Build configuration list for PBXNativeTarget "KakaoInsuranceAssignmentTests" */;
			buildPhases = (
				3A245A205DA7CACD17999D41 /* Sources */,
				CFCB398C21404D02830C1449 /* Resources */,
				6B3E5EEDB3A6F27DD87A2282 /* Embed Frameworks */,
				5425F9AD002172CCF5A64711 /* Frameworks */,
			);
			buildRules = (
			);
			dependencies = (
				85E94FEB5D6FD751F2D955BA /* PBXTargetDependency */,
			);
			name = KakaoInsuranceAssignmentTests;
			productName = KakaoInsuranceAssignmentTests;
			productReference = FB354E4D93F7343F18F0A295 /* KakaoInsuranceAssignmentTests.xctest */;
			productType = "com.apple.product-type.bundle.unit-test";
		};
		881AC498288B19D65DAF419C /* KakaoInsuranceAssignment */ = {
			isa = PBXNativeTarget;
			buildConfigurationList = D28815E1D8E5DD4924795D67 /* Build configuration list for PBXNativeTarget "KakaoInsuranceAssignment" */;
			buildPhases = (
				9957F4EC21DDB8D5C7B5DDCF /* Sources */,
				B2984E2A82D21D12972C5D16 /* Resources */,
				040DC8B2AC70C25359426D5B /* Embed Frameworks */,
				6E48C93CA3FF5A8FF2EE7567 /* Frameworks */,
			);
			buildRules = (
			);
			dependencies = (
			);
			name = KakaoInsuranceAssignment;
			productName = KakaoInsuranceAssignment;
			productReference = 15348328C06D0A76C770C455 /* KakaoInsuranceAssignment.app */;
			productType = "com.apple.product-type.application";
		};
/* End PBXNativeTarget section */

/* Begin PBXProject section */
		4FCB75016A47DBFCAF08648C /* Project object */ = {
			isa = PBXProject;
			attributes = {
				ORGANIZATIONNAME = com.kakaoinsurance;
				TargetAttributes = {
					6C4F6254F520FE72CA49AFA8 = {
						TestTargetID = 881AC498288B19D65DAF419C;
					};
				};
			};
			buildConfigurationList = CED822D172DBB3B81F230428 /* Build configuration list for PBXProject "KakaoInsuranceAssignment" */;
			compatibilityVersion = "Xcode 13.0";
			developmentRegion = en;
			hasScannedForEncodings = 0;
			knownRegions = (
				Base,
				en,
			);
			mainGroup = D3C19934EE48418A6E75D6AA;
			productRefGroup = D333E22C06F1C8A8A4557C4E /* Products */;
			projectDirPath = "";
			projectRoot = "";
			targets = (
				881AC498288B19D65DAF419C /* KakaoInsuranceAssignment */,
				6C4F6254F520FE72CA49AFA8 /* KakaoInsuranceAssignmentTests */,
			);
		};
/* End PBXProject section */

/* Begin PBXResourcesBuildPhase section */
		B2984E2A82D21D12972C5D16 /* Resources */ = {
			isa = PBXResourcesBuildPhase;
			buildActionMask = 2147483647;
			files = (
				BC846C67F5BE32ACCFA4F564 /* Asset.xcassets in Resources */,
				AFD6BC768495122655646005 /* LaunchScreen.storyboard in Resources */,
			);
			runOnlyForDeploymentPostprocessing = 0;
		};
		CFCB398C21404D02830C1449 /* Resources */ = {
			isa = PBXResourcesBuildPhase;
			buildActionMask = 2147483647;
			files = (
			);
			runOnlyForDeploymentPostprocessing = 0;
		};
/* End PBXResourcesBuildPhase section */

/* Begin PBXSourcesBuildPhase section */
		3A245A205DA7CACD17999D41 /* Sources */ = {
			isa = PBXSourcesBuildPhase;
			buildActionMask = 2147483647;
			files = (
				4320A2DBC663EC0E103AEE2A /* AppTests.swift in Sources */,
			);
			runOnlyForDeploymentPostprocessing = 0;
		};
		9957F4EC21DDB8D5C7B5DDCF /* Sources */ = {
			isa = PBXSourcesBuildPhase;
			buildActionMask = 2147483647;
			files = (
				214453ED4D5E1EC7E9269D60 /* Assets+KakaoInsuranceAssignment.swift in Sources */,
				39BE659C071DADDE3F382836 /* Bundle+KakaoInsuranceAssignment.swift in Sources */,
				A6D7DA4967F675E1B75AB049 /* AppDelegate.swift in Sources */,
				84A82736F6B4FE74B66ADA99 /* AsyncOperation.swift in Sources */,
				5925E3B11ED671F5CC64354E /* ImageOperation.swift in Sources */,
				D6941417CCBEA84F01A2DA41 /* ImageProvider.swift in Sources */,
				08B2307439080A7E7EEB10E7 /* PhotoModel.swift in Sources */,
				21D84582D49DF18EBF4297E5 /* NetworkService.swift in Sources */,
				E9DB04ECB9EF0B5713CE6644 /* ImageViewerController.swift in Sources */,
				374D92E2A126B77CE3805418 /* MainViewController.swift in Sources */,
				F47D6C46CC884FEEFFCE6292 /* PhotoListViewModel.swift in Sources */,
				3AE3E2CEF0DD476864D60906 /* PhotoViewModel.swift in Sources */,
				BCFC3E57AA94CAA5799068D1 /* ImageViewerCell.swift in Sources */,
				C07C26165C49EFB22A4AEF11 /* PhotoCell.swift in Sources */,
			);
			runOnlyForDeploymentPostprocessing = 0;
		};
/* End PBXSourcesBuildPhase section */

/* Begin PBXTargetDependency section */
		85E94FEB5D6FD751F2D955BA /* PBXTargetDependency */ = {
			isa = PBXTargetDependency;
			name = KakaoInsuranceAssignment;
			target = 881AC498288B19D65DAF419C /* KakaoInsuranceAssignment */;
			targetProxy = 678BB7DEE76F22EB8722227A /* PBXContainerItemProxy */;
		};
/* End PBXTargetDependency section */

/* Begin XCBuildConfiguration section */
		1EDB47ED0DE4575029278098 /* Debug */ = {
			isa = XCBuildConfiguration;
			buildSettings = {
				ALWAYS_SEARCH_USER_PATHS = NO;
				CLANG_ANALYZER_LOCALIZABILITY_NONLOCALIZED = YES;
				CLANG_ANALYZER_NONNULL = YES;
				CLANG_ANALYZER_NUMBER_OBJECT_CONVERSION = YES_AGGRESSIVE;
				CLANG_CXX_LANGUAGE_STANDARD = "gnu++14";
				CLANG_CXX_LIBRARY = "libc++";
				CLANG_ENABLE_MODULES = YES;
				CLANG_ENABLE_OBJC_ARC = YES;
				CLANG_ENABLE_OBJC_WEAK = YES;
				CLANG_WARN_BLOCK_CAPTURE_AUTORELEASING = YES;
				CLANG_WARN_BOOL_CONVERSION = YES;
				CLANG_WARN_COMMA = YES;
				CLANG_WARN_CONSTANT_CONVERSION = YES;
				CLANG_WARN_DEPRECATED_OBJC_IMPLEMENTATIONS = YES;
				CLANG_WARN_DIRECT_OBJC_ISA_USAGE = YES_ERROR;
				CLANG_WARN_DOCUMENTATION_COMMENTS = YES;
				CLANG_WARN_EMPTY_BODY = YES;
				CLANG_WARN_ENUM_CONVERSION = YES;
				CLANG_WARN_INFINITE_RECURSION = YES;
				CLANG_WARN_INT_CONVERSION = YES;
				CLANG_WARN_NON_LITERAL_NULL_CONVERSION = YES;
				CLANG_WARN_OBJC_IMPLICIT_RETAIN_SELF = YES;
				CLANG_WARN_OBJC_LITERAL_CONVERSION = YES;
				CLANG_WARN_OBJC_ROOT_CLASS = YES_ERROR;
				CLANG_WARN_QUOTED_INCLUDE_IN_FRAMEWORK_HEADER = YES;
				CLANG_WARN_RANGE_LOOP_ANALYSIS = YES;
				CLANG_WARN_STRICT_PROTOTYPES = YES;
				CLANG_WARN_SUSPICIOUS_MOVE = YES;
				CLANG_WARN_UNGUARDED_AVAILABILITY = YES_AGGRESSIVE;
				CLANG_WARN_UNREACHABLE_CODE = YES;
				CLANG_WARN__DUPLICATE_METHOD_MATCH = YES;
				COPY_PHASE_STRIP = NO;
				DEBUG_INFORMATION_FORMAT = dwarf;
				ENABLE_STRICT_OBJC_MSGSEND = YES;
				ENABLE_TESTABILITY = YES;
				GCC_C_LANGUAGE_STANDARD = gnu11;
				GCC_DYNAMIC_NO_PIC = NO;
				GCC_NO_COMMON_BLOCKS = YES;
				GCC_OPTIMIZATION_LEVEL = 0;
				GCC_PREPROCESSOR_DEFINITIONS = (
					"DEBUG=1",
					"$(inherited)",
				);
				GCC_WARN_64_TO_32_BIT_CONVERSION = YES;
				GCC_WARN_ABOUT_RETURN_TYPE = YES_ERROR;
				GCC_WARN_UNDECLARED_SELECTOR = YES;
				GCC_WARN_UNINITIALIZED_AUTOS = YES_AGGRESSIVE;
				GCC_WARN_UNUSED_FUNCTION = YES;
				GCC_WARN_UNUSED_VARIABLE = YES;
				MTL_ENABLE_DEBUG_INFO = YES;
				ONLY_ACTIVE_ARCH = YES;
				PRODUCT_NAME = "$(TARGET_NAME)";
			};
			name = Debug;
		};
		361FC845FEC587C42B1CBDE2 /* Debug */ = {
			isa = XCBuildConfiguration;
			buildSettings = {
				BUNDLE_LOADER = "$(TEST_HOST)";
				CODE_SIGN_IDENTITY = "iPhone Developer";
				INFOPLIST_FILE = Derived/InfoPlists/KakaoInsuranceAssignmentTests.plist;
				LD_RUNPATH_SEARCH_PATHS = (
					"$(inherited)",
					"@executable_path/Frameworks",
					"@loader_path/Frameworks",
				);
				PRODUCT_BUNDLE_IDENTIFIER = com.kakaoinsurance.KakaoInsuranceAssignmentTests;
				PRODUCT_NAME = KakaoInsuranceAssignmentTests;
				SDKROOT = iphoneos;
				SWIFT_ACTIVE_COMPILATION_CONDITIONS = DEBUG;
				SWIFT_COMPILATION_MODE = singlefile;
				SWIFT_OPTIMIZATION_LEVEL = "-Onone";
				SWIFT_VERSION = 5.5.2;
				TARGETED_DEVICE_FAMILY = "1,2";
				TEST_HOST = "$(BUILT_PRODUCTS_DIR)/KakaoInsuranceAssignment.app/KakaoInsuranceAssignment";
				TEST_TARGET_NAME = KakaoInsuranceAssignment;
			};
			name = Debug;
		};
		385DA11454810AE0E99F2CA9 /* Release */ = {
			isa = XCBuildConfiguration;
			buildSettings = {
				BUNDLE_LOADER = "$(TEST_HOST)";
				CODE_SIGN_IDENTITY = "iPhone Developer";
				INFOPLIST_FILE = Derived/InfoPlists/KakaoInsuranceAssignmentTests.plist;
				LD_RUNPATH_SEARCH_PATHS = (
					"$(inherited)",
					"@executable_path/Frameworks",
					"@loader_path/Frameworks",
				);
				PRODUCT_BUNDLE_IDENTIFIER = com.kakaoinsurance.KakaoInsuranceAssignmentTests;
				PRODUCT_NAME = KakaoInsuranceAssignmentTests;
				SDKROOT = iphoneos;
				SWIFT_COMPILATION_MODE = wholemodule;
				SWIFT_OPTIMIZATION_LEVEL = "-Owholemodule";
				SWIFT_VERSION = 5.5.2;
				TARGETED_DEVICE_FAMILY = "1,2";
				TEST_HOST = "$(BUILT_PRODUCTS_DIR)/KakaoInsuranceAssignment.app/KakaoInsuranceAssignment";
				TEST_TARGET_NAME = KakaoInsuranceAssignment;
			};
			name = Release;
		};
		D351DB1059C0CE973D593389 /* Release */ = {
			isa = XCBuildConfiguration;
			buildSettings = {
				ALWAYS_SEARCH_USER_PATHS = NO;
				CLANG_ANALYZER_LOCALIZABILITY_NONLOCALIZED = YES;
				CLANG_ANALYZER_NONNULL = YES;
				CLANG_ANALYZER_NUMBER_OBJECT_CONVERSION = YES_AGGRESSIVE;
				CLANG_CXX_LANGUAGE_STANDARD = "gnu++14";
				CLANG_CXX_LIBRARY = "libc++";
				CLANG_ENABLE_MODULES = YES;
				CLANG_ENABLE_OBJC_ARC = YES;
				CLANG_ENABLE_OBJC_WEAK = YES;
				CLANG_WARN_BLOCK_CAPTURE_AUTORELEASING = YES;
				CLANG_WARN_BOOL_CONVERSION = YES;
				CLANG_WARN_COMMA = YES;
				CLANG_WARN_CONSTANT_CONVERSION = YES;
				CLANG_WARN_DEPRECATED_OBJC_IMPLEMENTATIONS = YES;
				CLANG_WARN_DIRECT_OBJC_ISA_USAGE = YES_ERROR;
				CLANG_WARN_DOCUMENTATION_COMMENTS = YES;
				CLANG_WARN_EMPTY_BODY = YES;
				CLANG_WARN_ENUM_CONVERSION = YES;
				CLANG_WARN_INFINITE_RECURSION = YES;
				CLANG_WARN_INT_CONVERSION = YES;
				CLANG_WARN_NON_LITERAL_NULL_CONVERSION = YES;
				CLANG_WARN_OBJC_IMPLICIT_RETAIN_SELF = YES;
				CLANG_WARN_OBJC_LITERAL_CONVERSION = YES;
				CLANG_WARN_OBJC_ROOT_CLASS = YES_ERROR;
				CLANG_WARN_QUOTED_INCLUDE_IN_FRAMEWORK_HEADER = YES;
				CLANG_WARN_RANGE_LOOP_ANALYSIS = YES;
				CLANG_WARN_STRICT_PROTOTYPES = YES;
				CLANG_WARN_SUSPICIOUS_MOVE = YES;
				CLANG_WARN_UNGUARDED_AVAILABILITY = YES_AGGRESSIVE;
				CLANG_WARN_UNREACHABLE_CODE = YES;
				CLANG_WARN__DUPLICATE_METHOD_MATCH = YES;
				COPY_PHASE_STRIP = NO;
				DEBUG_INFORMATION_FORMAT = "dwarf-with-dsym";
				ENABLE_NS_ASSERTIONS = NO;
				ENABLE_STRICT_OBJC_MSGSEND = YES;
				GCC_C_LANGUAGE_STANDARD = gnu11;
				GCC_NO_COMMON_BLOCKS = YES;
				GCC_WARN_64_TO_32_BIT_CONVERSION = YES;
				GCC_WARN_ABOUT_RETURN_TYPE = YES_ERROR;
				GCC_WARN_UNDECLARED_SELECTOR = YES;
				GCC_WARN_UNINITIALIZED_AUTOS = YES_AGGRESSIVE;
				GCC_WARN_UNUSED_FUNCTION = YES;
				GCC_WARN_UNUSED_VARIABLE = YES;
				MTL_ENABLE_DEBUG_INFO = NO;
				PRODUCT_NAME = "$(TARGET_NAME)";
				VALIDATE_PRODUCT = YES;
			};
			name = Release;
		};
		DCA42E88B63084FD52CB4676 /* Release */ = {
			isa = XCBuildConfiguration;
			buildSettings = {
				ASSETCATALOG_COMPILER_APPICON_NAME = AppIcon;
				CODE_SIGN_IDENTITY = "iPhone Developer";
				ENABLE_PREVIEWS = YES;
				INFOPLIST_FILE = Derived/InfoPlists/KakaoInsuranceAssignment.plist;
				IPHONEOS_DEPLOYMENT_TARGET = 13.0;
				LD_RUNPATH_SEARCH_PATHS = (
					"$(inherited)",
					"@executable_path/Frameworks",
				);
				PRODUCT_BUNDLE_IDENTIFIER = com.kakaoinsurance.KakaoInsuranceAssignment;
				PRODUCT_NAME = KakaoInsuranceAssignment;
				SDKROOT = iphoneos;
				SWIFT_COMPILATION_MODE = wholemodule;
				SWIFT_OPTIMIZATION_LEVEL = "-Owholemodule";
				SWIFT_VERSION = 5.5.2;
				TARGETED_DEVICE_FAMILY = 1;
			};
			name = Release;
		};
		E2B01D87664AF92A8506F416 /* Debug */ = {
			isa = XCBuildConfiguration;
			buildSettings = {
				ASSETCATALOG_COMPILER_APPICON_NAME = AppIcon;
				CODE_SIGN_IDENTITY = "iPhone Developer";
				ENABLE_PREVIEWS = YES;
				INFOPLIST_FILE = Derived/InfoPlists/KakaoInsuranceAssignment.plist;
				IPHONEOS_DEPLOYMENT_TARGET = 13.0;
				LD_RUNPATH_SEARCH_PATHS = (
					"$(inherited)",
					"@executable_path/Frameworks",
				);
				PRODUCT_BUNDLE_IDENTIFIER = com.kakaoinsurance.KakaoInsuranceAssignment;
				PRODUCT_NAME = KakaoInsuranceAssignment;
				SDKROOT = iphoneos;
				SWIFT_ACTIVE_COMPILATION_CONDITIONS = DEBUG;
				SWIFT_COMPILATION_MODE = singlefile;
				SWIFT_OPTIMIZATION_LEVEL = "-Onone";
				SWIFT_VERSION = 5.5.2;
				TARGETED_DEVICE_FAMILY = 1;
			};
			name = Debug;
		};
/* End XCBuildConfiguration section */

/* Begin XCConfigurationList section */
		847D568DC68392E87B1AB479 /* Build configuration list for PBXNativeTarget "KakaoInsuranceAssignmentTests" */ = {
			isa = XCConfigurationList;
			buildConfigurations = (
				361FC845FEC587C42B1CBDE2 /* Debug */,
				385DA11454810AE0E99F2CA9 /* Release */,
			);
			defaultConfigurationIsVisible = 0;
			defaultConfigurationName = Release;
		};
		CED822D172DBB3B81F230428 /* Build configuration list for PBXProject "KakaoInsuranceAssignment" */ = {
			isa = XCConfigurationList;
			buildConfigurations = (
				1EDB47ED0DE4575029278098 /* Debug */,
				D351DB1059C0CE973D593389 /* Release */,
			);
			defaultConfigurationIsVisible = 0;
			defaultConfigurationName = Release;
		};
		D28815E1D8E5DD4924795D67 /* Build configuration list for PBXNativeTarget "KakaoInsuranceAssignment" */ = {
			isa = XCConfigurationList;
			buildConfigurations = (
				E2B01D87664AF92A8506F416 /* Debug */,
				DCA42E88B63084FD52CB4676 /* Release */,
			);
			defaultConfigurationIsVisible = 0;
			defaultConfigurationName = Release;
		};
/* End XCConfigurationList section */
	};
	rootObject = 4FCB75016A47DBFCAF08648C /* Project object */;
}
